
Microsoft Visual Studio Solution File, Format Version 12.00
# Visual Studio 15
VisualStudioVersion = 15.0.27130.2010
MinimumVisualStudioVersion = 10.0.40219.1
Project("{FAE04EC0-301F-11D3-BF4B-00C04F79EFBC}") = "thrones.web", "thrones.web\thrones.web.csproj", "{E6A24A18-B761-49E0-99F0-2C0DB4A49256}"
EndProject
Global
	GlobalSection(SolutionConfigurationPlatforms) = preSolution
		Debug|Any CPU = Debug|Any CPU
		Release|Any CPU = Release|Any CPU
	EndGlobalSection
	GlobalSection(ProjectConfigurationPlatforms) = postSolution
		{E6A24A18-B761-49E0-99F0-2C0DB4A49256}.Debug|Any CPU.ActiveCfg = Debug|Any CPU
		{E6A24A18-B761-49E0-99F0-2C0DB4A49256}.Debug|Any CPU.Build.0 = Debug|Any CPU
		{E6A24A18-B761-49E0-99F0-2C0DB4A49256}.Release|Any CPU.ActiveCfg = Release|Any CPU
		{E6A24A18-B761-49E0-99F0-2C0DB4A49256}.Release|Any CPU.Build.0 = Release|Any CPU
	EndGlobalSection
	GlobalSection(SolutionProperties) = preSolution
		HideSolutionNode = FALSE
	EndGlobalSection
	GlobalSection(ExtensibilityGlobals) = postSolution
		SolutionGuid = {8E5BDCAD-364C-4557-B77B-98F02BEBA953}
	EndGlobalSection
EndGlobal
